
Microsoft Visual Studio Solution File, Format Version 12.00
# Visual Studio 14
VisualStudioVersion = 14.0.25420.1
MinimumVisualStudioVersion = 10.0.40219.1
Project("{8BC9CEB8-8B4A-11D0-8D11-00A0C91BC942}") = "PE_2", "PE_2\PE_2.vcxproj", "{D4FCC70D-8D9C-4417-83E9-19C1D914043C}"
EndProject
Project("{8BC9CEB8-8B4A-11D0-8D11-00A0C91BC942}") = "save_common_file", "save_common_file\save_common_file.vcxproj", "{41AF1429-B988-4193-86D0-BFA68896CF39}"
EndProject
Project("{8BC9CEB8-8B4A-11D0-8D11-00A0C91BC942}") = "PJ_1000", "PJ_1000\PJ_1000.vcxproj", "{D682F440-B1E2-46E2-B96D-D290EE3B4630}"
EndProject
Project("{8BC9CEB8-8B4A-11D0-8D11-00A0C91BC942}") = "PJ_1001", "PJ_1001\PJ_1001.vcxproj", "{ABE22267-3300-430A-975A-63CFE854CF58}"
EndProject
Project("{8BC9CEB8-8B4A-11D0-8D11-00A0C91BC942}") = "PJ_1002", "PJ_1002\PJ_1002.vcxproj", "{77A7A898-E357-48D1-B9FF-02DF7F5FAADA}"
EndProject
Project("{8BC9CEB8-8B4A-11D0-8D11-00A0C91BC942}") = "PE_1", "PE_1\PE_1.vcxproj", "{EF9C4376-C90D-4CF1-B760-235D5EE515A4}"
EndProject
Project("{8BC9CEB8-8B4A-11D0-8D11-00A0C91BC942}") = "PJ_1003", "PJ_1003\PJ_1003.vcxproj", "{4E139F9A-C46F-402C-9DBF-43D8F547AC25}"
EndProject
Project("{8BC9CEB8-8B4A-11D0-8D11-00A0C91BC942}") = "PJ_1004", "PJ_1004\PJ_1004.vcxproj", "{FB446F62-E245-451C-A446-E9FB9CEFC5E5}"
EndProject
Project("{8BC9CEB8-8B4A-11D0-8D11-00A0C91BC942}") = "PJ_1005", "PJ_1005\PJ_1005.vcxproj", "{4726F81E-B70A-41DE-8340-4C7D9DB45BC2}"
EndProject
Project("{8BC9CEB8-8B4A-11D0-8D11-00A0C91BC942}") = "PJ_1006", "PJ_1006\PJ_1006.vcxproj", "{8F2C01E5-7DA6-4786-BD1E-A7688371C479}"
EndProject
Project("{8BC9CEB8-8B4A-11D0-8D11-00A0C91BC942}") = "PE_3", "PE_3\PE_3.vcxproj", "{EF76A1B6-7416-431D-A495-8FD4197345B0}"
EndProject
Project("{8BC9CEB8-8B4A-11D0-8D11-00A0C91BC942}") = "PE_4", "PE_4\PE_4.vcxproj", "{79A9BECF-7E66-485B-A627-EE790545C52B}"
EndProject
Project("{8BC9CEB8-8B4A-11D0-8D11-00A0C91BC942}") = "PJ_1007", "PJ_1007\PJ_1007.vcxproj", "{CD19A705-7E5C-4304-A6C1-D6DEBFDBCC18}"
EndProject
Project("{8BC9CEB8-8B4A-11D0-8D11-00A0C91BC942}") = "PE_5", "PE_5\PE_5.vcxproj", "{E9BCBA49-5ACA-41CC-BF91-4140E6450CF0}"
EndProject
Project("{8BC9CEB8-8B4A-11D0-8D11-00A0C91BC942}") = "wajahat", "wajahat\wajahat.vcxproj", "{D156EC8E-AC82-4EF9-BD31-56D9AAD04C01}"
EndProject
Project("{8BC9CEB8-8B4A-11D0-8D11-00A0C91BC942}") = "PJ_1008", "PJ_1008\PJ_1008.vcxproj", "{A22E6ECA-830A-4C31-BF14-2F39511FA313}"
EndProject
Project("{8BC9CEB8-8B4A-11D0-8D11-00A0C91BC942}") = "PJ_1009", "PJ_1009\PJ_1009.vcxproj", "{F2A9F1EB-1D77-4DBB-B057-EC1090612385}"
EndProject
Project("{8BC9CEB8-8B4A-11D0-8D11-00A0C91BC942}") = "PJ_1010", "PJ_1010\PJ_1010.vcxproj", "{DC65D3D6-4ECB-46BA-B0CB-AC112849796A}"
EndProject
Global
	GlobalSection(SolutionConfigurationPlatforms) = preSolution
		Debug|x64 = Debug|x64
		Debug|x86 = Debug|x86
		Release|x64 = Release|x64
		Release|x86 = Release|x86
	EndGlobalSection
	GlobalSection(ProjectConfigurationPlatforms) = postSolution
		{D4FCC70D-8D9C-4417-83E9-19C1D914043C}.Debug|x64.ActiveCfg = Debug|x64
		{D4FCC70D-8D9C-4417-83E9-19C1D914043C}.Debug|x64.Build.0 = Debug|x64
		{D4FCC70D-8D9C-4417-83E9-19C1D914043C}.Debug|x86.ActiveCfg = Debug|Win32
		{D4FCC70D-8D9C-4417-83E9-19C1D914043C}.Debug|x86.Build.0 = Debug|Win32
		{D4FCC70D-8D9C-4417-83E9-19C1D914043C}.Release|x64.ActiveCfg = Release|x64
		{D4FCC70D-8D9C-4417-83E9-19C1D914043C}.Release|x64.Build.0 = Release|x64
		{D4FCC70D-8D9C-4417-83E9-19C1D914043C}.Release|x86.ActiveCfg = Release|Win32
		{D4FCC70D-8D9C-4417-83E9-19C1D914043C}.Release|x86.Build.0 = Release|Win32
		{41AF1429-B988-4193-86D0-BFA68896CF39}.Debug|x64.ActiveCfg = Debug|x64
		{41AF1429-B988-4193-86D0-BFA68896CF39}.Debug|x64.Build.0 = Debug|x64
		{41AF1429-B988-4193-86D0-BFA68896CF39}.Debug|x86.ActiveCfg = Debug|Win32
		{41AF1429-B988-4193-86D0-BFA68896CF39}.Debug|x86.Build.0 = Debug|Win32
		{41AF1429-B988-4193-86D0-BFA68896CF39}.Release|x64.ActiveCfg = Release|x64
		{41AF1429-B988-4193-86D0-BFA68896CF39}.Release|x64.Build.0 = Release|x64
		{41AF1429-B988-4193-86D0-BFA68896CF39}.Release|x86.ActiveCfg = Release|Win32
		{41AF1429-B988-4193-86D0-BFA68896CF39}.Release|x86.Build.0 = Release|Win32
		{D682F440-B1E2-46E2-B96D-D290EE3B4630}.Debug|x64.ActiveCfg = Debug|x64
		{D682F440-B1E2-46E2-B96D-D290EE3B4630}.Debug|x64.Build.0 = Debug|x64
		{D682F440-B1E2-46E2-B96D-D290EE3B4630}.Debug|x86.ActiveCfg = Debug|Win32
		{D682F440-B1E2-46E2-B96D-D290EE3B4630}.Debug|x86.Build.0 = Debug|Win32
		{D682F440-B1E2-46E2-B96D-D290EE3B4630}.Release|x64.ActiveCfg = Release|x64
		{D682F440-B1E2-46E2-B96D-D290EE3B4630}.Release|x64.Build.0 = Release|x64
		{D682F440-B1E2-46E2-B96D-D290EE3B4630}.Release|x86.ActiveCfg = Release|Win32
		{D682F440-B1E2-46E2-B96D-D290EE3B4630}.Release|x86.Build.0 = Release|Win32
		{ABE22267-3300-430A-975A-63CFE854CF58}.Debug|x64.ActiveCfg = Debug|x64
		{ABE22267-3300-430A-975A-63CFE854CF58}.Debug|x64.Build.0 = Debug|x64
		{ABE22267-3300-430A-975A-63CFE854CF58}.Debug|x86.ActiveCfg = Debug|Win32
		{ABE22267-3300-430A-975A-63CFE854CF58}.Debug|x86.Build.0 = Debug|Win32
		{ABE22267-3300-430A-975A-63CFE854CF58}.Release|x64.ActiveCfg = Release|x64
		{ABE22267-3300-430A-975A-63CFE854CF58}.Release|x64.Build.0 = Release|x64
		{ABE22267-3300-430A-975A-63CFE854CF58}.Release|x86.ActiveCfg = Release|Win32
		{ABE22267-3300-430A-975A-63CFE854CF58}.Release|x86.Build.0 = Release|Win32
		{77A7A898-E357-48D1-B9FF-02DF7F5FAADA}.Debug|x64.ActiveCfg = Debug|x64
		{77A7A898-E357-48D1-B9FF-02DF7F5FAADA}.Debug|x64.Build.0 = Debug|x64
		{77A7A898-E357-48D1-B9FF-02DF7F5FAADA}.Debug|x86.ActiveCfg = Debug|Win32
		{77A7A898-E357-48D1-B9FF-02DF7F5FAADA}.Debug|x86.Build.0 = Debug|Win32
		{77A7A898-E357-48D1-B9FF-02DF7F5FAADA}.Release|x64.ActiveCfg = Release|x64
		{77A7A898-E357-48D1-B9FF-02DF7F5FAADA}.Release|x64.Build.0 = Release|x64
		{77A7A898-E357-48D1-B9FF-02DF7F5FAADA}.Release|x86.ActiveCfg = Release|Win32
		{77A7A898-E357-48D1-B9FF-02DF7F5FAADA}.Release|x86.Build.0 = Release|Win32
		{EF9C4376-C90D-4CF1-B760-235D5EE515A4}.Debug|x64.ActiveCfg = Debug|x64
		{EF9C4376-C90D-4CF1-B760-235D5EE515A4}.Debug|x64.Build.0 = Debug|x64
		{EF9C4376-C90D-4CF1-B760-235D5EE515A4}.Debug|x86.ActiveCfg = Debug|Win32
		{EF9C4376-C90D-4CF1-B760-235D5EE515A4}.Debug|x86.Build.0 = Debug|Win32
		{EF9C4376-C90D-4CF1-B760-235D5EE515A4}.Release|x64.ActiveCfg = Release|x64
		{EF9C4376-C90D-4CF1-B760-235D5EE515A4}.Release|x64.Build.0 = Release|x64
		{EF9C4376-C90D-4CF1-B760-235D5EE515A4}.Release|x86.ActiveCfg = Release|Win32
		{EF9C4376-C90D-4CF1-B760-235D5EE515A4}.Release|x86.Build.0 = Release|Win32
		{4E139F9A-C46F-402C-9DBF-43D8F547AC25}.Debug|x64.ActiveCfg = Debug|x64
		{4E139F9A-C46F-402C-9DBF-43D8F547AC25}.Debug|x64.Build.0 = Debug|x64
		{4E139F9A-C46F-402C-9DBF-43D8F547AC25}.Debug|x86.ActiveCfg = Debug|Win32
		{4E139F9A-C46F-402C-9DBF-43D8F547AC25}.Debug|x86.Build.0 = Debug|Win32
		{4E139F9A-C46F-402C-9DBF-43D8F547AC25}.Release|x64.ActiveCfg = Release|x64
		{4E139F9A-C46F-402C-9DBF-43D8F547AC25}.Release|x64.Build.0 = Release|x64
		{4E139F9A-C46F-402C-9DBF-43D8F547AC25}.Release|x86.ActiveCfg = Release|Win32
		{4E139F9A-C46F-402C-9DBF-43D8F547AC25}.Release|x86.Build.0 = Release|Win32
		{FB446F62-E245-451C-A446-E9FB9CEFC5E5}.Debug|x64.ActiveCfg = Debug|x64
		{FB446F62-E245-451C-A446-E9FB9CEFC5E5}.Debug|x64.Build.0 = Debug|x64
		{FB446F62-E245-451C-A446-E9FB9CEFC5E5}.Debug|x86.ActiveCfg = Debug|Win32
		{FB446F62-E245-451C-A446-E9FB9CEFC5E5}.Debug|x86.Build.0 = Debug|Win32
		{FB446F62-E245-451C-A446-E9FB9CEFC5E5}.Release|x64.ActiveCfg = Release|x64
		{FB446F62-E245-451C-A446-E9FB9CEFC5E5}.Release|x64.Build.0 = Release|x64
		{FB446F62-E245-451C-A446-E9FB9CEFC5E5}.Release|x86.ActiveCfg = Release|Win32
		{FB446F62-E245-451C-A446-E9FB9CEFC5E5}.Release|x86.Build.0 = Release|Win32
		{4726F81E-B70A-41DE-8340-4C7D9DB45BC2}.Debug|x64.ActiveCfg = Debug|x64
		{4726F81E-B70A-41DE-8340-4C7D9DB45BC2}.Debug|x64.Build.0 = Debug|x64
		{4726F81E-B70A-41DE-8340-4C7D9DB45BC2}.Debug|x86.ActiveCfg = Debug|Win32
		{4726F81E-B70A-41DE-8340-4C7D9DB45BC2}.Debug|x86.Build.0 = Debug|Win32
		{4726F81E-B70A-41DE-8340-4C7D9DB45BC2}.Release|x64.ActiveCfg = Release|x64
		{4726F81E-B70A-41DE-8340-4C7D9DB45BC2}.Release|x64.Build.0 = Release|x64
		{4726F81E-B70A-41DE-8340-4C7D9DB45BC2}.Release|x86.ActiveCfg = Release|Win32
		{4726F81E-B70A-41DE-8340-4C7D9DB45BC2}.Release|x86.Build.0 = Release|Win32
		{8F2C01E5-7DA6-4786-BD1E-A7688371C479}.Debug|x64.ActiveCfg = Debug|x64
		{8F2C01E5-7DA6-4786-BD1E-A7688371C479}.Debug|x64.Build.0 = Debug|x64
		{8F2C01E5-7DA6-4786-BD1E-A7688371C479}.Debug|x86.ActiveCfg = Debug|Win32
		{8F2C01E5-7DA6-4786-BD1E-A7688371C479}.Debug|x86.Build.0 = Debug|Win32
		{8F2C01E5-7DA6-4786-BD1E-A7688371C479}.Release|x64.ActiveCfg = Release|x64
		{8F2C01E5-7DA6-4786-BD1E-A7688371C479}.Release|x64.Build.0 = Release|x64
		{8F2C01E5-7DA6-4786-BD1E-A7688371C479}.Release|x86.ActiveCfg = Release|Win32
		{8F2C01E5-7DA6-4786-BD1E-A7688371C479}.Release|x86.Build.0 = Release|Win32
		{EF76A1B6-7416-431D-A495-8FD4197345B0}.Debug|x64.ActiveCfg = Debug|x64
		{EF76A1B6-7416-431D-A495-8FD4197345B0}.Debug|x64.Build.0 = Debug|x64
		{EF76A1B6-7416-431D-A495-8FD4197345B0}.Debug|x86.ActiveCfg = Debug|Win32
		{EF76A1B6-7416-431D-A495-8FD4197345B0}.Debug|x86.Build.0 = Debug|Win32
		{EF76A1B6-7416-431D-A495-8FD4197345B0}.Release|x64.ActiveCfg = Release|x64
		{EF76A1B6-7416-431D-A495-8FD4197345B0}.Release|x64.Build.0 = Release|x64
		{EF76A1B6-7416-431D-A495-8FD4197345B0}.Release|x86.ActiveCfg = Release|Win32
		{EF76A1B6-7416-431D-A495-8FD4197345B0}.Release|x86.Build.0 = Release|Win32
		{79A9BECF-7E66-485B-A627-EE790545C52B}.Debug|x64.ActiveCfg = Debug|x64
		{79A9BECF-7E66-485B-A627-EE790545C52B}.Debug|x64.Build.0 = Debug|x64
		{79A9BECF-7E66-485B-A627-EE790545C52B}.Debug|x86.ActiveCfg = Debug|Win32
		{79A9BECF-7E66-485B-A627-EE790545C52B}.Debug|x86.Build.0 = Debug|Win32
		{79A9BECF-7E66-485B-A627-EE790545C52B}.Release|x64.ActiveCfg = Release|x64
		{79A9BECF-7E66-485B-A627-EE790545C52B}.Release|x64.Build.0 = Release|x64
		{79A9BECF-7E66-485B-A627-EE790545C52B}.Release|x86.ActiveCfg = Release|Win32
		{79A9BECF-7E66-485B-A627-EE790545C52B}.Release|x86.Build.0 = Release|Win32
		{CD19A705-7E5C-4304-A6C1-D6DEBFDBCC18}.Debug|x64.ActiveCfg = Debug|x64
		{CD19A705-7E5C-4304-A6C1-D6DEBFDBCC18}.Debug|x64.Build.0 = Debug|x64
		{CD19A705-7E5C-4304-A6C1-D6DEBFDBCC18}.Debug|x86.ActiveCfg = Debug|Win32
		{CD19A705-7E5C-4304-A6C1-D6DEBFDBCC18}.Debug|x86.Build.0 = Debug|Win32
		{CD19A705-7E5C-4304-A6C1-D6DEBFDBCC18}.Release|x64.ActiveCfg = Release|x64
		{CD19A705-7E5C-4304-A6C1-D6DEBFDBCC18}.Release|x64.Build.0 = Release|x64
		{CD19A705-7E5C-4304-A6C1-D6DEBFDBCC18}.Release|x86.ActiveCfg = Release|Win32
		{CD19A705-7E5C-4304-A6C1-D6DEBFDBCC18}.Release|x86.Build.0 = Release|Win32
		{E9BCBA49-5ACA-41CC-BF91-4140E6450CF0}.Debug|x64.ActiveCfg = Debug|x64
		{E9BCBA49-5ACA-41CC-BF91-4140E6450CF0}.Debug|x64.Build.0 = Debug|x64
		{E9BCBA49-5ACA-41CC-BF91-4140E6450CF0}.Debug|x86.ActiveCfg = Debug|Win32
		{E9BCBA49-5ACA-41CC-BF91-4140E6450CF0}.Debug|x86.Build.0 = Debug|Win32
		{E9BCBA49-5ACA-41CC-BF91-4140E6450CF0}.Release|x64.ActiveCfg = Release|x64
		{E9BCBA49-5ACA-41CC-BF91-4140E6450CF0}.Release|x64.Build.0 = Release|x64
		{E9BCBA49-5ACA-41CC-BF91-4140E6450CF0}.Release|x86.ActiveCfg = Release|Win32
		{E9BCBA49-5ACA-41CC-BF91-4140E6450CF0}.Release|x86.Build.0 = Release|Win32
		{D156EC8E-AC82-4EF9-BD31-56D9AAD04C01}.Debug|x64.ActiveCfg = Debug|x64
		{D156EC8E-AC82-4EF9-BD31-56D9AAD04C01}.Debug|x64.Build.0 = Debug|x64
		{D156EC8E-AC82-4EF9-BD31-56D9AAD04C01}.Debug|x86.ActiveCfg = Debug|Win32
		{D156EC8E-AC82-4EF9-BD31-56D9AAD04C01}.Debug|x86.Build.0 = Debug|Win32
		{D156EC8E-AC82-4EF9-BD31-56D9AAD04C01}.Release|x64.ActiveCfg = Release|x64
		{D156EC8E-AC82-4EF9-BD31-56D9AAD04C01}.Release|x64.Build.0 = Release|x64
		{D156EC8E-AC82-4EF9-BD31-56D9AAD04C01}.Release|x86.ActiveCfg = Release|Win32
		{D156EC8E-AC82-4EF9-BD31-56D9AAD04C01}.Release|x86.Build.0 = Release|Win32
		{A22E6ECA-830A-4C31-BF14-2F39511FA313}.Debug|x64.ActiveCfg = Debug|x64
		{A22E6ECA-830A-4C31-BF14-2F39511FA313}.Debug|x64.Build.0 = Debug|x64
		{A22E6ECA-830A-4C31-BF14-2F39511FA313}.Debug|x86.ActiveCfg = Debug|Win32
		{A22E6ECA-830A-4C31-BF14-2F39511FA313}.Debug|x86.Build.0 = Debug|Win32
		{A22E6ECA-830A-4C31-BF14-2F39511FA313}.Release|x64.ActiveCfg = Release|x64
		{A22E6ECA-830A-4C31-BF14-2F39511FA313}.Release|x64.Build.0 = Release|x64
		{A22E6ECA-830A-4C31-BF14-2F39511FA313}.Release|x86.ActiveCfg = Release|Win32
		{A22E6ECA-830A-4C31-BF14-2F39511FA313}.Release|x86.Build.0 = Release|Win32
		{F2A9F1EB-1D77-4DBB-B057-EC1090612385}.Debug|x64.ActiveCfg = Debug|x64
		{F2A9F1EB-1D77-4DBB-B057-EC1090612385}.Debug|x64.Build.0 = Debug|x64
		{F2A9F1EB-1D77-4DBB-B057-EC1090612385}.Debug|x86.ActiveCfg = Debug|Win32
		{F2A9F1EB-1D77-4DBB-B057-EC1090612385}.Debug|x86.Build.0 = Debug|Win32
		{F2A9F1EB-1D77-4DBB-B057-EC1090612385}.Release|x64.ActiveCfg = Release|x64
		{F2A9F1EB-1D77-4DBB-B057-EC1090612385}.Release|x64.Build.0 = Release|x64
		{F2A9F1EB-1D77-4DBB-B057-EC1090612385}.Release|x86.ActiveCfg = Release|Win32
		{F2A9F1EB-1D77-4DBB-B057-EC1090612385}.Release|x86.Build.0 = Release|Win32
		{DC65D3D6-4ECB-46BA-B0CB-AC112849796A}.Debug|x64.ActiveCfg = Debug|x64
		{DC65D3D6-4ECB-46BA-B0CB-AC112849796A}.Debug|x64.Build.0 = Debug|x64
		{DC65D3D6-4ECB-46BA-B0CB-AC112849796A}.Debug|x86.ActiveCfg = Debug|Win32
		{DC65D3D6-4ECB-46BA-B0CB-AC112849796A}.Debug|x86.Build.0 = Debug|Win32
		{DC65D3D6-4ECB-46BA-B0CB-AC112849796A}.Release|x64.ActiveCfg = Release|x64
		{DC65D3D6-4ECB-46BA-B0CB-AC112849796A}.Release|x64.Build.0 = Release|x64
		{DC65D3D6-4ECB-46BA-B0CB-AC112849796A}.Release|x86.ActiveCfg = Release|Win32
		{DC65D3D6-4ECB-46BA-B0CB-AC112849796A}.Release|x86.Build.0 = Release|Win32
	EndGlobalSection
	GlobalSection(SolutionProperties) = preSolution
		HideSolutionNode = FALSE
	EndGlobalSection
EndGlobal
